{
  "name": "matecat-sse",
  "version": "1.0.0",
  "lockfileVersion": 1,
  "requires": true,
  "dependencies": {
    "async": {
      "version": "1.0.0",
      "resolved": "https://registry.npmjs.org/async/-/async-1.0.0.tgz",
      "integrity": "sha1-+PwEyjoTeErenhZBr5hXjPvWR6k="
    },
    "colors": {
      "version": "1.0.3",
      "resolved": "https://registry.npmjs.org/colors/-/colors-1.0.3.tgz",
      "integrity": "sha1-BDP0TYCWgP3rYO0mDxsMJi6CpAs="
    },
    "cycle": {
      "version": "1.0.3",
      "resolved": "https://registry.npmjs.org/cycle/-/cycle-1.0.3.tgz",
      "integrity": "sha1-IegLK+hYD5i0aPN5QwZisEbDStI="
    },
    "eyes": {
      "version": "0.1.8",
      "resolved": "https://registry.npmjs.org/eyes/-/eyes-0.1.8.tgz",
      "integrity": "sha1-Ys8SAjTGg3hdkCNIqADvPgzCC8A="
    },
    "isstream": {
      "version": "0.1.2",
      "resolved": "https://registry.npmjs.org/isstream/-/isstream-0.1.2.tgz",
      "integrity": "sha1-R+Y/evVa+m+S4VAOaQ64uFKcCZo="
    },
    "lodash": {
      "version": "4.17.19",
      "resolved": "https://registry.npmjs.org/lodash/-/lodash-4.17.19.tgz",
      "integrity": "sha512-JNvd8XER9GQX0v2qJgsaN/mzFCNA5BRe/j8JN9d+tWyGLSodKQHKFicdwNYzWwI3wjRnaKPsGj1XkBjx/F96DQ=="
    },
    "node-ini": {
      "version": "1.0.0",
      "resolved": "https://registry.npmjs.org/node-ini/-/node-ini-1.0.0.tgz",
      "integrity": "sha1-u6YbFgPiSyn0MHU8gYmBacMtS8o="
    },
    "object-assign": {
      "version": "2.1.1",
      "resolved": "https://registry.npmjs.org/object-assign/-/object-assign-2.1.1.tgz",
      "integrity": "sha1-Q8NuXVaf+OSBbE76i+AtJpZ8GKo="
    },
    "pkginfo": {
      "version": "0.3.1",
      "resolved": "https://registry.npmjs.org/pkginfo/-/pkginfo-0.3.1.tgz",
      "integrity": "sha1-Wyn2qB9wcXFC4J52W76rl7T4HiE="
    },
    "qs": {
      "version": "0.6.6",
      "resolved": "https://registry.npmjs.org/qs/-/qs-0.6.6.tgz",
      "integrity": "sha1-bgFQmP9RlouKPIGQAdXyyJvEsQc="
    },
    "sse-channel": {
      "version": "4.0.0",
      "resolved": "https://registry.npmjs.org/sse-channel/-/sse-channel-4.0.0.tgz",
      "integrity": "sha512-I539Tc0gyDTQ2QCSg4v78Flxo/UbqR9x7JoyPcqaPtwo+qzeOw/fF+aPSbk0xTvBQAAAZk7Dlkc8K1bum5GUnw=="
    },
    "stack-trace": {
      "version": "0.0.10",
      "resolved": "https://registry.npmjs.org/stack-trace/-/stack-trace-0.0.10.tgz",
      "integrity": "sha1-VHxws0fo0ytOEI6hoqFZ5f3eGcA="
    },
    "stompit": {
      "version": "0.21.0",
      "resolved": "https://registry.npmjs.org/stompit/-/stompit-0.21.0.tgz",
      "integrity": "sha1-hMjOhlazyw/g5I7Fo2HCDeZg7pw=",
      "requires": {
        "object-assign": "^2.0.0",
        "qs": "~0.6.5"
      }
    },
    "winston": {
      "version": "1.1.2",
      "resolved": "https://registry.npmjs.org/winston/-/winston-1.1.2.tgz",
      "integrity": "sha1-aO3Xaf951PlSjPDl2AAhqt5nSAw=",
      "requires": {
        "async": "~1.0.0",
        "colors": "1.0.x",
        "cycle": "1.0.x",
        "eyes": "0.1.x",
        "isstream": "0.1.x",
        "pkginfo": "0.3.x",
        "stack-trace": "0.0.x"
      }
    }
  }
}
